
Microsoft Visual Studio Solution File, Format Version 12.00
# Visual Studio Version 17
VisualStudioVersion = 17.11.35303.130
MinimumVisualStudioVersion = 10.0.40219.1
Project("{2150E333-8FDC-42A3-9474-1A3956D46DE8}") = "Task0", "Task0", "{C2B68FF8-92DD-49B2-A599-E3223B8AABB0}"
EndProject
Project("{FAE04EC0-301F-11D3-BF4B-00C04F79EFBC}") = "Tyuiu.BuyanovaVI.Sprint5.Task0.V7", "Tyuiu.BuyanovaVI.Sprint5.Task0.V7\Tyuiu.BuyanovaVI.Sprint5.Task0.V7.csproj", "{D4AE9ACC-DF94-4BB7-9CCA-8DC1CB28879A}"
EndProject
Project("{FAE04EC0-301F-11D3-BF4B-00C04F79EFBC}") = "Tyuiu.BuyanovaVI.Sprint5.Task0.V7.Lib", "Tyuiu.BuyanovaVI.Sprint5.Task0.V7.Lib\Tyuiu.BuyanovaVI.Sprint5.Task0.V7.Lib.csproj", "{74287C49-8EBF-4F90-8D5D-38D7225DE9EB}"
EndProject
Project("{FAE04EC0-301F-11D3-BF4B-00C04F79EFBC}") = "Tyuiu.BuyanovaVI.Sprint5.Task0.V7.Test", "Tyuiu.BuyanovaVI.Sprint5.Task0.V7.Test\Tyuiu.BuyanovaVI.Sprint5.Task0.V7.Test.csproj", "{747748A2-1717-4FFE-8B71-A57735B091D9}"
EndProject
Project("{2150E333-8FDC-42A3-9474-1A3956D46DE8}") = "Task1", "Task1", "{8F6EB860-1B6F-4F48-A0B2-51AB2B9F2E08}"
EndProject
Project("{FAE04EC0-301F-11D3-BF4B-00C04F79EFBC}") = "Tyuiu.BuyanovaVI.Sprint5.Task1.V23", "Tyuiu.BuyanovaVI.Sprint5.Task1.V23\Tyuiu.BuyanovaVI.Sprint5.Task1.V23.csproj", "{080CA165-AD9C-419E-870D-0823ADFDC818}"
EndProject
Project("{FAE04EC0-301F-11D3-BF4B-00C04F79EFBC}") = "Tyuiu.BuyanovaVI.Sprint5.Task1.V23.Lib", "Tyuiu.BuyanovaVI.Sprint5.Task1.V23.Lib\Tyuiu.BuyanovaVI.Sprint5.Task1.V23.Lib.csproj", "{99EFD8BD-9D5A-467E-BBDC-D700FD3F11AA}"
EndProject
Project("{FAE04EC0-301F-11D3-BF4B-00C04F79EFBC}") = "Tyuiu.BuyanovaVI.Sprint5.Task1.V23.Test", "Tyuiu.BuyanovaVI.Sprint5.Task1.V23.Test\Tyuiu.BuyanovaVI.Sprint5.Task1.V23.Test.csproj", "{7A6EFCBB-D147-4DCD-AECC-3B359EABFA0E}"
EndProject
Global
	GlobalSection(SolutionConfigurationPlatforms) = preSolution
		Debug|Any CPU = Debug|Any CPU
		Release|Any CPU = Release|Any CPU
	EndGlobalSection
	GlobalSection(ProjectConfigurationPlatforms) = postSolution
		{D4AE9ACC-DF94-4BB7-9CCA-8DC1CB28879A}.Debug|Any CPU.ActiveCfg = Debug|Any CPU
		{D4AE9ACC-DF94-4BB7-9CCA-8DC1CB28879A}.Debug|Any CPU.Build.0 = Debug|Any CPU
		{D4AE9ACC-DF94-4BB7-9CCA-8DC1CB28879A}.Release|Any CPU.ActiveCfg = Release|Any CPU
		{D4AE9ACC-DF94-4BB7-9CCA-8DC1CB28879A}.Release|Any CPU.Build.0 = Release|Any CPU
		{74287C49-8EBF-4F90-8D5D-38D7225DE9EB}.Debug|Any CPU.ActiveCfg = Debug|Any CPU
		{74287C49-8EBF-4F90-8D5D-38D7225DE9EB}.Debug|Any CPU.Build.0 = Debug|Any CPU
		{74287C49-8EBF-4F90-8D5D-38D7225DE9EB}.Release|Any CPU.ActiveCfg = Release|Any CPU
		{74287C49-8EBF-4F90-8D5D-38D7225DE9EB}.Release|Any CPU.Build.0 = Release|Any CPU
		{747748A2-1717-4FFE-8B71-A57735B091D9}.Debug|Any CPU.ActiveCfg = Debug|Any CPU
		{747748A2-1717-4FFE-8B71-A57735B091D9}.Debug|Any CPU.Build.0 = Debug|Any CPU
		{747748A2-1717-4FFE-8B71-A57735B091D9}.Release|Any CPU.ActiveCfg = Release|Any CPU
		{747748A2-1717-4FFE-8B71-A57735B091D9}.Release|Any CPU.Build.0 = Release|Any CPU
		{080CA165-AD9C-419E-870D-0823ADFDC818}.Debug|Any CPU.ActiveCfg = Debug|Any CPU
		{080CA165-AD9C-419E-870D-0823ADFDC818}.Debug|Any CPU.Build.0 = Debug|Any CPU
		{080CA165-AD9C-419E-870D-0823ADFDC818}.Release|Any CPU.ActiveCfg = Release|Any CPU
		{080CA165-AD9C-419E-870D-0823ADFDC818}.Release|Any CPU.Build.0 = Release|Any CPU
		{99EFD8BD-9D5A-467E-BBDC-D700FD3F11AA}.Debug|Any CPU.ActiveCfg = Debug|Any CPU
		{99EFD8BD-9D5A-467E-BBDC-D700FD3F11AA}.Debug|Any CPU.Build.0 = Debug|Any CPU
		{99EFD8BD-9D5A-467E-BBDC-D700FD3F11AA}.Release|Any CPU.ActiveCfg = Release|Any CPU
		{99EFD8BD-9D5A-467E-BBDC-D700FD3F11AA}.Release|Any CPU.Build.0 = Release|Any CPU
		{7A6EFCBB-D147-4DCD-AECC-3B359EABFA0E}.Debug|Any CPU.ActiveCfg = Debug|Any CPU
		{7A6EFCBB-D147-4DCD-AECC-3B359EABFA0E}.Debug|Any CPU.Build.0 = Debug|Any CPU
		{7A6EFCBB-D147-4DCD-AECC-3B359EABFA0E}.Release|Any CPU.ActiveCfg = Release|Any CPU
		{7A6EFCBB-D147-4DCD-AECC-3B359EABFA0E}.Release|Any CPU.Build.0 = Release|Any CPU
	EndGlobalSection
	GlobalSection(SolutionProperties) = preSolution
		HideSolutionNode = FALSE
	EndGlobalSection
	GlobalSection(NestedProjects) = preSolution
		{D4AE9ACC-DF94-4BB7-9CCA-8DC1CB28879A} = {C2B68FF8-92DD-49B2-A599-E3223B8AABB0}
		{74287C49-8EBF-4F90-8D5D-38D7225DE9EB} = {C2B68FF8-92DD-49B2-A599-E3223B8AABB0}
		{747748A2-1717-4FFE-8B71-A57735B091D9} = {C2B68FF8-92DD-49B2-A599-E3223B8AABB0}
		{080CA165-AD9C-419E-870D-0823ADFDC818} = {8F6EB860-1B6F-4F48-A0B2-51AB2B9F2E08}
		{99EFD8BD-9D5A-467E-BBDC-D700FD3F11AA} = {8F6EB860-1B6F-4F48-A0B2-51AB2B9F2E08}
		{7A6EFCBB-D147-4DCD-AECC-3B359EABFA0E} = {8F6EB860-1B6F-4F48-A0B2-51AB2B9F2E08}
	EndGlobalSection
	GlobalSection(ExtensibilityGlobals) = postSolution
		SolutionGuid = {6837AEB2-BF3C-4622-8A3A-70F1B36E5862}
	EndGlobalSection
EndGlobal
