
Microsoft Visual Studio Solution File, Format Version 12.00
# Visual Studio Version 17
VisualStudioVersion = 17.11.35303.130
MinimumVisualStudioVersion = 10.0.40219.1
Project("{2150E333-8FDC-42A3-9474-1A3956D46DE8}") = "Task0", "Task0", "{C2B68FF8-92DD-49B2-A599-E3223B8AABB0}"
EndProject
Project("{FAE04EC0-301F-11D3-BF4B-00C04F79EFBC}") = "Tyuiu.BuyanovaVI.Sprint5.Task0.V7", "Tyuiu.BuyanovaVI.Sprint5.Task0.V7\Tyuiu.BuyanovaVI.Sprint5.Task0.V7.csproj", "{D4AE9ACC-DF94-4BB7-9CCA-8DC1CB28879A}"
EndProject
Project("{FAE04EC0-301F-11D3-BF4B-00C04F79EFBC}") = "Tyuiu.BuyanovaVI.Sprint5.Task0.V7.Lib", "Tyuiu.BuyanovaVI.Sprint5.Task0.V7.Lib\Tyuiu.BuyanovaVI.Sprint5.Task0.V7.Lib.csproj", "{74287C49-8EBF-4F90-8D5D-38D7225DE9EB}"
EndProject
Project("{FAE04EC0-301F-11D3-BF4B-00C04F79EFBC}") = "Tyuiu.BuyanovaVI.Sprint5.Task0.V7.Test", "Tyuiu.BuyanovaVI.Sprint5.Task0.V7.Test\Tyuiu.BuyanovaVI.Sprint5.Task0.V7.Test.csproj", "{747748A2-1717-4FFE-8B71-A57735B091D9}"
EndProject
Global
	GlobalSection(SolutionConfigurationPlatforms) = preSolution
		Debug|Any CPU = Debug|Any CPU
		Release|Any CPU = Release|Any CPU
	EndGlobalSection
	GlobalSection(ProjectConfigurationPlatforms) = postSolution
		{D4AE9ACC-DF94-4BB7-9CCA-8DC1CB28879A}.Debug|Any CPU.ActiveCfg = Debug|Any CPU
		{D4AE9ACC-DF94-4BB7-9CCA-8DC1CB28879A}.Debug|Any CPU.Build.0 = Debug|Any CPU
		{D4AE9ACC-DF94-4BB7-9CCA-8DC1CB28879A}.Release|Any CPU.ActiveCfg = Release|Any CPU
		{D4AE9ACC-DF94-4BB7-9CCA-8DC1CB28879A}.Release|Any CPU.Build.0 = Release|Any CPU
		{74287C49-8EBF-4F90-8D5D-38D7225DE9EB}.Debug|Any CPU.ActiveCfg = Debug|Any CPU
		{74287C49-8EBF-4F90-8D5D-38D7225DE9EB}.Debug|Any CPU.Build.0 = Debug|Any CPU
		{74287C49-8EBF-4F90-8D5D-38D7225DE9EB}.Release|Any CPU.ActiveCfg = Release|Any CPU
		{74287C49-8EBF-4F90-8D5D-38D7225DE9EB}.Release|Any CPU.Build.0 = Release|Any CPU
		{747748A2-1717-4FFE-8B71-A57735B091D9}.Debug|Any CPU.ActiveCfg = Debug|Any CPU
		{747748A2-1717-4FFE-8B71-A57735B091D9}.Debug|Any CPU.Build.0 = Debug|Any CPU
		{747748A2-1717-4FFE-8B71-A57735B091D9}.Release|Any CPU.ActiveCfg = Release|Any CPU
		{747748A2-1717-4FFE-8B71-A57735B091D9}.Release|Any CPU.Build.0 = Release|Any CPU
	EndGlobalSection
	GlobalSection(SolutionProperties) = preSolution
		HideSolutionNode = FALSE
	EndGlobalSection
	GlobalSection(NestedProjects) = preSolution
		{D4AE9ACC-DF94-4BB7-9CCA-8DC1CB28879A} = {C2B68FF8-92DD-49B2-A599-E3223B8AABB0}
		{74287C49-8EBF-4F90-8D5D-38D7225DE9EB} = {C2B68FF8-92DD-49B2-A599-E3223B8AABB0}
		{747748A2-1717-4FFE-8B71-A57735B091D9} = {C2B68FF8-92DD-49B2-A599-E3223B8AABB0}
	EndGlobalSection
	GlobalSection(ExtensibilityGlobals) = postSolution
		SolutionGuid = {6837AEB2-BF3C-4622-8A3A-70F1B36E5862}
	EndGlobalSection
EndGlobal
